{
    "_readme": [
        "This file locks the dependencies of your project to a known state",
        "Read more about it at http://getcomposer.org/doc/01-basic-usage.md#composer-lock-the-lock-file",
        "This file is @generated automatically"
    ],
    "hash": "a0f73b2f61a22f348410f964f396c848",
    "packages": [
        {
            "name": "frameworks/jquery",
            "version": "dev-master",
            "source": {
                "type": "git",
                "url": "https://github.com/frameworks/jquery.git",
                "reference": "17e4391441a802001e873cfc02b200cb39529d3b"
            },
            "dist": {
                "type": "zip",
                "url": "https://api.github.com/repos/frameworks/jquery/zipball/17e4391441a802001e873cfc02b200cb39529d3b",
                "reference": "17e4391441a802001e873cfc02b200cb39529d3b",
                "shasum": ""
            },
            "type": "library",
            "notification-url": "https://packagist.org/downloads/",
            "license": [
                "MIT"
            ],
            "description": "jQuery JavaScript Library",
            "homepage": "http://jquery.com",
            "time": "2014-06-04 15:10:13"
        }
    ],
    "packages-dev": [],
    "aliases": [],
    "minimum-stability": "stable",
    "stability-flags": {
        "frameworks/jquery": 20
    },
    "prefer-stable": false,
    "platform": [],
    "platform-dev": []
}
